// !$*UTF8*$!
{
	archiveVersion = 1;
	classes = {
	};
	objectVersion = 46;
	objects = {

/* Begin PBXBuildFile section */
		1081645C1EAD498F95D449C3 /* libPods.a in Frameworks */ = {isa = PBXBuildFile; fileRef = 04B1C55768894DB489704370 /* libPods.a */; };
		5291337E1954EBC400A213C3 /* ExploreCollectionViewController.m in Sources */ = {isa = PBXBuildFile; fileRef = 5291337D1954EBC400A213C3 /* ExploreCollectionViewController.m */; };
		52F1A3CC1952F377007340E6 /* main.m in Sources */ = {isa = PBXBuildFile; fileRef = 52F1A3CB1952F377007340E6 /* main.m */; };
		52F1A3CF1952F377007340E6 /* AppDelegate.m in Sources */ = {isa = PBXBuildFile; fileRef = 52F1A3CE1952F377007340E6 /* AppDelegate.m */; };
		52F1A3D11952F377007340E6 /* Images.xcassets in Resources */ = {isa = PBXBuildFile; fileRef = 52F1A3D01952F377007340E6 /* Images.xcassets */; };
		52F1A3DD1952F377007340E6 /* ____Tests.m in Sources */ = {isa = PBXBuildFile; fileRef = 52F1A3DC1952F377007340E6 /* ____Tests.m */; };
		52F1A3E81952F5AA007340E6 /* PhotosViewController.m in Sources */ = {isa = PBXBuildFile; fileRef = 52F1A3E71952F5AA007340E6 /* PhotosViewController.m */; };
		52F1A3EB19539521007340E6 /* PhotoCell.m in Sources */ = {isa = PBXBuildFile; fileRef = 52F1A3EA19539521007340E6 /* PhotoCell.m */; };
		52F1A3EE1953A9B3007340E6 /* NavController.m in Sources */ = {isa = PBXBuildFile; fileRef = 52F1A3ED1953A9B3007340E6 /* NavController.m */; };
		52F1A3F11953AAFA007340E6 /* CameraViewController.m in Sources */ = {isa = PBXBuildFile; fileRef = 52F1A3F01953AAFA007340E6 /* CameraViewController.m */; };
		52F1A3F41953AB22007340E6 /* UserViewController.m in Sources */ = {isa = PBXBuildFile; fileRef = 52F1A3F31953AB22007340E6 /* UserViewController.m */; };
		52F1A3F61953AD5F007340E6 /* b.storyboard in Resources */ = {isa = PBXBuildFile; fileRef = 52F1A3F51953AD5F007340E6 /* b.storyboard */; };
/* End PBXBuildFile section */

/* Begin PBXContainerItemProxy section */
		52F1A3D71952F377007340E6 /* PBXContainerItemProxy */ = {
			isa = PBXContainerItemProxy;
			containerPortal = 52F1A3BE1952F377007340E6 /* Project object */;
			proxyType = 1;
			remoteGlobalIDString = 52F1A3C51952F377007340E6;
			remoteInfo = "家居商城";
		};
/* End PBXContainerItemProxy section */

/* Begin PBXFileReference section */
		04B1C55768894DB489704370 /* libPods.a */ = {isa = PBXFileReference; explicitFileType = archive.ar; includeInIndex = 0; path = libPods.a; sourceTree = BUILT_PRODUCTS_DIR; };
		5291337C1954EBC400A213C3 /* ExploreCollectionViewController.h */ = {isa = PBXFileReference; fileEncoding = 4; lastKnownFileType = sourcecode.c.h; path = ExploreCollectionViewController.h; sourceTree = "<group>"; };
		5291337D1954EBC400A213C3 /* ExploreCollectionViewController.m */ = {isa = PBXFileReference; fileEncoding = 4; lastKnownFileType = sourcecode.c.objc; path = ExploreCollectionViewController.m; sourceTree = "<group>"; };
		52F1A3C61952F377007340E6 /* 家居商城.app */ = {isa = PBXFileReference; explicitFileType = wrapper.application; includeInIndex = 0; path = "家居商城.app"; sourceTree = BUILT_PRODUCTS_DIR; };
		52F1A3CA1952F377007340E6 /* Info.plist */ = {isa = PBXFileReference; lastKnownFileType = text.plist.xml; path = Info.plist; sourceTree = "<group>"; };
		52F1A3CB1952F377007340E6 /* main.m */ = {isa = PBXFileReference; lastKnownFileType = sourcecode.c.objc; path = main.m; sourceTree = "<group>"; };
		52F1A3CD1952F377007340E6 /* AppDelegate.h */ = {isa = PBXFileReference; lastKnownFileType = sourcecode.c.h; path = AppDelegate.h; sourceTree = "<group>"; };
		52F1A3CE1952F377007340E6 /* AppDelegate.m */ = {isa = PBXFileReference; lastKnownFileType = sourcecode.c.objc; path = AppDelegate.m; sourceTree = "<group>"; };
		52F1A3D01952F377007340E6 /* Images.xcassets */ = {isa = PBXFileReference; lastKnownFileType = folder.assetcatalog; path = Images.xcassets; sourceTree = "<group>"; };
		52F1A3D61952F377007340E6 /* 家居商城Tests.xctest */ = {isa = PBXFileReference; explicitFileType = wrapper.cfbundle; includeInIndex = 0; path = "家居商城Tests.xctest"; sourceTree = BUILT_PRODUCTS_DIR; };
		52F1A3DB1952F377007340E6 /* Info.plist */ = {isa = PBXFileReference; lastKnownFileType = text.plist.xml; path = Info.plist; sourceTree = "<group>"; };
		52F1A3DC1952F377007340E6 /* ____Tests.m */ = {isa = PBXFileReference; lastKnownFileType = sourcecode.c.objc; path = "____Tests.m"; sourceTree = "<group>"; };
		52F1A3E61952F5AA007340E6 /* PhotosViewController.h */ = {isa = PBXFileReference; fileEncoding = 4; lastKnownFileType = sourcecode.c.h; path = PhotosViewController.h; sourceTree = "<group>"; };
		52F1A3E71952F5AA007340E6 /* PhotosViewController.m */ = {isa = PBXFileReference; fileEncoding = 4; lastKnownFileType = sourcecode.c.objc; path = PhotosViewController.m; sourceTree = "<group>"; };
		52F1A3E919539521007340E6 /* PhotoCell.h */ = {isa = PBXFileReference; fileEncoding = 4; lastKnownFileType = sourcecode.c.h; path = PhotoCell.h; sourceTree = "<group>"; };
		52F1A3EA19539521007340E6 /* PhotoCell.m */ = {isa = PBXFileReference; fileEncoding = 4; lastKnownFileType = sourcecode.c.objc; path = PhotoCell.m; sourceTree = "<group>"; };
		52F1A3EC1953A9B3007340E6 /* NavController.h */ = {isa = PBXFileReference; fileEncoding = 4; lastKnownFileType = sourcecode.c.h; path = NavController.h; sourceTree = "<group>"; };
		52F1A3ED1953A9B3007340E6 /* NavController.m */ = {isa = PBXFileReference; fileEncoding = 4; lastKnownFileType = sourcecode.c.objc; path = NavController.m; sourceTree = "<group>"; };
		52F1A3EF1953AAFA007340E6 /* CameraViewController.h */ = {isa = PBXFileReference; fileEncoding = 4; lastKnownFileType = sourcecode.c.h; path = CameraViewController.h; sourceTree = "<group>"; };
		52F1A3F01953AAFA007340E6 /* CameraViewController.m */ = {isa = PBXFileReference; fileEncoding = 4; lastKnownFileType = sourcecode.c.objc; path = CameraViewController.m; sourceTree = "<group>"; };
		52F1A3F21953AB22007340E6 /* UserViewController.h */ = {isa = PBXFileReference; fileEncoding = 4; lastKnownFileType = sourcecode.c.h; path = UserViewController.h; sourceTree = "<group>"; };
		52F1A3F31953AB22007340E6 /* UserViewController.m */ = {isa = PBXFileReference; fileEncoding = 4; lastKnownFileType = sourcecode.c.objc; path = UserViewController.m; sourceTree = "<group>"; };
		52F1A3F51953AD5F007340E6 /* b.storyboard */ = {isa = PBXFileReference; fileEncoding = 4; lastKnownFileType = file.storyboard; path = b.storyboard; sourceTree = "<group>"; };
		99C3D05F1A074EEB8E4CEDED /* Pods.xcconfig */ = {isa = PBXFileReference; includeInIndex = 1; lastKnownFileType = text.xcconfig; name = Pods.xcconfig; path = Pods/Pods.xcconfig; sourceTree = "<group>"; };
/* End PBXFileReference section */

/* Begin PBXFrameworksBuildPhase section */
		52F1A3C31952F377007340E6 /* Frameworks */ = {
			isa = PBXFrameworksBuildPhase;
			buildActionMask = 2147483647;
			files = (
				1081645C1EAD498F95D449C3 /* libPods.a in Frameworks */,
			);
			runOnlyForDeploymentPostprocessing = 0;
		};
		52F1A3D31952F377007340E6 /* Frameworks */ = {
			isa = PBXFrameworksBuildPhase;
			buildActionMask = 2147483647;
			files = (
			);
			runOnlyForDeploymentPostprocessing = 0;
		};
/* End PBXFrameworksBuildPhase section */

/* Begin PBXGroup section */
		0AAF7E2F19CC4D03B33D95DA /* Frameworks */ = {
			isa = PBXGroup;
			children = (
				04B1C55768894DB489704370 /* libPods.a */,
			);
			name = Frameworks;
			sourceTree = "<group>";
		};
		52F1A3BD1952F377007340E6 = {
			isa = PBXGroup;
			children = (
				52F1A3C81952F377007340E6 /* 家居商城 */,
				52F1A3D91952F377007340E6 /* 家居商城Tests */,
				52F1A3C71952F377007340E6 /* Products */,
				99C3D05F1A074EEB8E4CEDED /* Pods.xcconfig */,
				0AAF7E2F19CC4D03B33D95DA /* Frameworks */,
			);
			sourceTree = "<group>";
		};
		52F1A3C71952F377007340E6 /* Products */ = {
			isa = PBXGroup;
			children = (
				52F1A3C61952F377007340E6 /* 家居商城.app */,
				52F1A3D61952F377007340E6 /* 家居商城Tests.xctest */,
			);
			name = Products;
			sourceTree = "<group>";
		};
		52F1A3C81952F377007340E6 /* 家居商城 */ = {
			isa = PBXGroup;
			children = (
				52F1A3CD1952F377007340E6 /* AppDelegate.h */,
				52F1A3CE1952F377007340E6 /* AppDelegate.m */,
				52F1A3EC1953A9B3007340E6 /* NavController.h */,
				52F1A3ED1953A9B3007340E6 /* NavController.m */,
				52F1A3EF1953AAFA007340E6 /* CameraViewController.h */,
				52F1A3F01953AAFA007340E6 /* CameraViewController.m */,
				5291337C1954EBC400A213C3 /* ExploreCollectionViewController.h */,
				5291337D1954EBC400A213C3 /* ExploreCollectionViewController.m */,
				52F1A3E61952F5AA007340E6 /* PhotosViewController.h */,
				52F1A3E71952F5AA007340E6 /* PhotosViewController.m */,
				52F1A3E919539521007340E6 /* PhotoCell.h */,
				52F1A3EA19539521007340E6 /* PhotoCell.m */,
				52F1A3F21953AB22007340E6 /* UserViewController.h */,
				52F1A3F31953AB22007340E6 /* UserViewController.m */,
				52F1A3F51953AD5F007340E6 /* b.storyboard */,
				52F1A3D01952F377007340E6 /* Images.xcassets */,
				52F1A3C91952F377007340E6 /* Supporting Files */,
			);
			path = "家居商城";
			sourceTree = "<group>";
		};
		52F1A3C91952F377007340E6 /* Supporting Files */ = {
			isa = PBXGroup;
			children = (
				52F1A3CA1952F377007340E6 /* Info.plist */,
				52F1A3CB1952F377007340E6 /* main.m */,
			);
			name = "Supporting Files";
			sourceTree = "<group>";
		};
		52F1A3D91952F377007340E6 /* 家居商城Tests */ = {
			isa = PBXGroup;
			children = (
				52F1A3DC1952F377007340E6 /* ____Tests.m */,
				52F1A3DA1952F377007340E6 /* Supporting Files */,
			);
			path = "家居商城Tests";
			sourceTree = "<group>";
		};
		52F1A3DA1952F377007340E6 /* Supporting Files */ = {
			isa = PBXGroup;
			children = (
				52F1A3DB1952F377007340E6 /* Info.plist */,
			);
			name = "Supporting Files";
			sourceTree = "<group>";
		};
/* End PBXGroup section */

/* Begin PBXNativeTarget section */
		52F1A3C51952F377007340E6 /* 家居商城 */ = {
			isa = PBXNativeTarget;
			buildConfigurationList = 52F1A3E01952F377007340E6 /* Build configuration list for PBXNativeTarget "家居商城" */;
			buildPhases = (
				0F54DA9A21E4493380E7C6D8 /* Check Pods Manifest.lock */,
				52F1A3C21952F377007340E6 /* Sources */,
				52F1A3C31952F377007340E6 /* Frameworks */,
				52F1A3C41952F377007340E6 /* Resources */,
				1DE6BB832BAD4EADB766667F /* Copy Pods Resources */,
			);
			buildRules = (
			);
			dependencies = (
			);
			name = "家居商城";
			productName = "家居商城";
			productReference = 52F1A3C61952F377007340E6 /* 家居商城.app */;
			productType = "com.apple.product-type.application";
		};
		52F1A3D51952F377007340E6 /* 家居商城Tests */ = {
			isa = PBXNativeTarget;
			buildConfigurationList = 52F1A3E31952F377007340E6 /* Build configuration list for PBXNativeTarget "家居商城Tests" */;
			buildPhases = (
				52F1A3D21952F377007340E6 /* Sources */,
				52F1A3D31952F377007340E6 /* Frameworks */,
				52F1A3D41952F377007340E6 /* Resources */,
			);
			buildRules = (
			);
			dependencies = (
				52F1A3D81952F377007340E6 /* PBXTargetDependency */,
			);
			name = "家居商城Tests";
			productName = "家居商城Tests";
			productReference = 52F1A3D61952F377007340E6 /* 家居商城Tests.xctest */;
			productType = "com.apple.product-type.bundle.unit-test";
		};
/* End PBXNativeTarget section */

/* Begin PBXProject section */
		52F1A3BE1952F377007340E6 /* Project object */ = {
			isa = PBXProject;
			attributes = {
				LastUpgradeCheck = 0600;
				ORGANIZATIONNAME = "Banana Technology";
				TargetAttributes = {
					52F1A3C51952F377007340E6 = {
						CreatedOnToolsVersion = 6.0;
					};
					52F1A3D51952F377007340E6 = {
						CreatedOnToolsVersion = 6.0;
						TestTargetID = 52F1A3C51952F377007340E6;
					};
				};
			};
			buildConfigurationList = 52F1A3C11952F377007340E6 /* Build configuration list for PBXProject "家居商城" */;
			compatibilityVersion = "Xcode 3.2";
			developmentRegion = English;
			hasScannedForEncodings = 0;
			knownRegions = (
				en,
			);
			mainGroup = 52F1A3BD1952F377007340E6;
			productRefGroup = 52F1A3C71952F377007340E6 /* Products */;
			projectDirPath = "";
			projectRoot = "";
			targets = (
				52F1A3C51952F377007340E6 /* 家居商城 */,
				52F1A3D51952F377007340E6 /* 家居商城Tests */,
			);
		};
/* End PBXProject section */

/* Begin PBXResourcesBuildPhase section */
		52F1A3C41952F377007340E6 /* Resources */ = {
			isa = PBXResourcesBuildPhase;
			buildActionMask = 2147483647;
			files = (
				52F1A3D11952F377007340E6 /* Images.xcassets in Resources */,
				52F1A3F61953AD5F007340E6 /* b.storyboard in Resources */,
			);
			runOnlyForDeploymentPostprocessing = 0;
		};
		52F1A3D41952F377007340E6 /* Resources */ = {
			isa = PBXResourcesBuildPhase;
			buildActionMask = 2147483647;
			files = (
			);
			runOnlyForDeploymentPostprocessing = 0;
		};
/* End PBXResourcesBuildPhase section */

/* Begin PBXShellScriptBuildPhase section */
		0F54DA9A21E4493380E7C6D8 /* Check Pods Manifest.lock */ = {
			isa = PBXShellScriptBuildPhase;
			buildActionMask = 2147483647;
			files = (
			);
			inputPaths = (
			);
			name = "Check Pods Manifest.lock";
			outputPaths = (
			);
			runOnlyForDeploymentPostprocessing = 0;
			shellPath = /bin/sh;
			shellScript = "diff \"${PODS_ROOT}/../Podfile.lock\" \"${PODS_ROOT}/Manifest.lock\" > /dev/null\nif [[ $? != 0 ]] ; then\n    cat << EOM\nerror: The sandbox is not in sync with the Podfile.lock. Run 'pod install' or update your CocoaPods installation.\nEOM\n    exit 1\nfi\n";
			showEnvVarsInLog = 0;
		};
		1DE6BB832BAD4EADB766667F /* Copy Pods Resources */ = {
			isa = PBXShellScriptBuildPhase;
			buildActionMask = 2147483647;
			files = (
			);
			inputPaths = (
			);
			name = "Copy Pods Resources";
			outputPaths = (
			);
			runOnlyForDeploymentPostprocessing = 0;
			shellPath = /bin/sh;
			shellScript = "\"${SRCROOT}/Pods/Pods-resources.sh\"\n";
			showEnvVarsInLog = 0;
		};
/* End PBXShellScriptBuildPhase section */

/* Begin PBXSourcesBuildPhase section */
		52F1A3C21952F377007340E6 /* Sources */ = {
			isa = PBXSourcesBuildPhase;
			buildActionMask = 2147483647;
			files = (
				52F1A3F41953AB22007340E6 /* UserViewController.m in Sources */,
				52F1A3EB19539521007340E6 /* PhotoCell.m in Sources */,
				5291337E1954EBC400A213C3 /* ExploreCollectionViewController.m in Sources */,
				52F1A3CF1952F377007340E6 /* AppDelegate.m in Sources */,
				52F1A3EE1953A9B3007340E6 /* NavController.m in Sources */,
				52F1A3F11953AAFA007340E6 /* CameraViewController.m in Sources */,
				52F1A3E81952F5AA007340E6 /* PhotosViewController.m in Sources */,
				52F1A3CC1952F377007340E6 /* main.m in Sources */,
			);
			runOnlyForDeploymentPostprocessing = 0;
		};
		52F1A3D21952F377007340E6 /* Sources */ = {
			isa = PBXSourcesBuildPhase;
			buildActionMask = 2147483647;
			files = (
				52F1A3DD1952F377007340E6 /* ____Tests.m in Sources */,
			);
			runOnlyForDeploymentPostprocessing = 0;
		};
/* End PBXSourcesBuildPhase section */

/* Begin PBXTargetDependency section */
		52F1A3D81952F377007340E6 /* PBXTargetDependency */ = {
			isa = PBXTargetDependency;
			target = 52F1A3C51952F377007340E6 /* 家居商城 */;
			targetProxy = 52F1A3D71952F377007340E6 /* PBXContainerItemProxy */;
		};
/* End PBXTargetDependency section */

/* Begin XCBuildConfiguration section */
		52F1A3DE1952F377007340E6 /* Debug */ = {
			isa = XCBuildConfiguration;
			buildSettings = {
				ALWAYS_SEARCH_USER_PATHS = NO;
				CLANG_CXX_LANGUAGE_STANDARD = "gnu++0x";
				CLANG_CXX_LIBRARY = "libc++";
				CLANG_ENABLE_MODULES = YES;
				CLANG_ENABLE_OBJC_ARC = YES;
				CLANG_WARN_BOOL_CONVERSION = YES;
				CLANG_WARN_CONSTANT_CONVERSION = YES;
				CLANG_WARN_DIRECT_OBJC_ISA_USAGE = YES_ERROR;
				CLANG_WARN_EMPTY_BODY = YES;
				CLANG_WARN_ENUM_CONVERSION = YES;
				CLANG_WARN_INT_CONVERSION = YES;
				CLANG_WARN_OBJC_ROOT_CLASS = YES_ERROR;
				CLANG_WARN_UNREACHABLE_CODE = YES;
				CLANG_WARN__DUPLICATE_METHOD_MATCH = YES;
				"CODE_SIGN_IDENTITY[sdk=iphoneos*]" = "iPhone Developer";
				COPY_PHASE_STRIP = NO;
				ENABLE_STRICT_OBJC_MSGSEND = YES;
				GCC_C_LANGUAGE_STANDARD = gnu99;
				GCC_DYNAMIC_NO_PIC = NO;
				GCC_OPTIMIZATION_LEVEL = 0;
				GCC_PREPROCESSOR_DEFINITIONS = (
					"DEBUG=1",
					"$(inherited)",
				);
				GCC_SYMBOLS_PRIVATE_EXTERN = NO;
				GCC_WARN_64_TO_32_BIT_CONVERSION = YES;
				GCC_WARN_ABOUT_RETURN_TYPE = YES_ERROR;
				GCC_WARN_UNDECLARED_SELECTOR = YES;
				GCC_WARN_UNINITIALIZED_AUTOS = YES_AGGRESSIVE;
				GCC_WARN_UNUSED_FUNCTION = YES;
				GCC_WARN_UNUSED_VARIABLE = YES;
				IPHONEOS_DEPLOYMENT_TARGET = 8.0;
				METAL_ENABLE_DEBUG_INFO = YES;
				ONLY_ACTIVE_ARCH = YES;
				SDKROOT = iphoneos;
			};
			name = Debug;
		};
		52F1A3DF1952F377007340E6 /* Release */ = {
			isa = XCBuildConfiguration;
			buildSettings = {
				ALWAYS_SEARCH_USER_PATHS = NO;
				CLANG_CXX_LANGUAGE_STANDARD = "gnu++0x";
				CLANG_CXX_LIBRARY = "libc++";
				CLANG_ENABLE_MODULES = YES;
				CLANG_ENABLE_OBJC_ARC = YES;
				CLANG_WARN_BOOL_CONVERSION = YES;
				CLANG_WARN_CONSTANT_CONVERSION = YES;
				CLANG_WARN_DIRECT_OBJC_ISA_USAGE = YES_ERROR;
				CLANG_WARN_EMPTY_BODY = YES;
				CLANG_WARN_ENUM_CONVERSION = YES;
				CLANG_WARN_INT_CONVERSION = YES;
				CLANG_WARN_OBJC_ROOT_CLASS = YES_ERROR;
				CLANG_WARN_UNREACHABLE_CODE = YES;
				CLANG_WARN__DUPLICATE_METHOD_MATCH = YES;
				"CODE_SIGN_IDENTITY[sdk=iphoneos*]" = "iPhone Developer";
				COPY_PHASE_STRIP = YES;
				ENABLE_NS_ASSERTIONS = NO;
				ENABLE_STRICT_OBJC_MSGSEND = YES;
				GCC_C_LANGUAGE_STANDARD = gnu99;
				GCC_WARN_64_TO_32_BIT_CONVERSION = YES;
				GCC_WARN_ABOUT_RETURN_TYPE = YES_ERROR;
				GCC_WARN_UNDECLARED_SELECTOR = YES;
				GCC_WARN_UNINITIALIZED_AUTOS = YES_AGGRESSIVE;
				GCC_WARN_UNUSED_FUNCTION = YES;
				GCC_WARN_UNUSED_VARIABLE = YES;
				IPHONEOS_DEPLOYMENT_TARGET = 8.0;
				METAL_ENABLE_DEBUG_INFO = NO;
				SDKROOT = iphoneos;
				VALIDATE_PRODUCT = YES;
			};
			name = Release;
		};
		52F1A3E11952F377007340E6 /* Debug */ = {
			isa = XCBuildConfiguration;
			baseConfigurationReference = 99C3D05F1A074EEB8E4CEDED /* Pods.xcconfig */;
			buildSettings = {
				ASSETCATALOG_COMPILER_APPICON_NAME = AppIcon;
				ASSETCATALOG_COMPILER_LAUNCHIMAGE_NAME = LaunchImage;
				INFOPLIST_FILE = "家居商城/Info.plist";
				LD_RUNPATH_SEARCH_PATHS = "$(inherited) @executable_path/Frameworks";
				PRODUCT_NAME = "$(TARGET_NAME)";
			};
			name = Debug;
		};
		52F1A3E21952F377007340E6 /* Release */ = {
			isa = XCBuildConfiguration;
			baseConfigurationReference = 99C3D05F1A074EEB8E4CEDED /* Pods.xcconfig */;
			buildSettings = {
				ASSETCATALOG_COMPILER_APPICON_NAME = AppIcon;
				ASSETCATALOG_COMPILER_LAUNCHIMAGE_NAME = LaunchImage;
				INFOPLIST_FILE = "家居商城/Info.plist";
				LD_RUNPATH_SEARCH_PATHS = "$(inherited) @executable_path/Frameworks";
				PRODUCT_NAME = "$(TARGET_NAME)";
			};
			name = Release;
		};
		52F1A3E41952F377007340E6 /* Debug */ = {
			isa = XCBuildConfiguration;
			buildSettings = {
				BUNDLE_LOADER = "$(BUILT_PRODUCTS_DIR)/家居商城.app/家居商城";
				FRAMEWORK_SEARCH_PATHS = (
					"$(SDKROOT)/Developer/Library/Frameworks",
					"$(inherited)",
				);
				GCC_PREPROCESSOR_DEFINITIONS = (
					"DEBUG=1",
					"$(inherited)",
				);
				INFOPLIST_FILE = "家居商城Tests/Info.plist";
				LD_RUNPATH_SEARCH_PATHS = "$(inherited) @executable_path/Frameworks @loader_path/Frameworks";
				METAL_ENABLE_DEBUG_INFO = YES;
				PRODUCT_NAME = "$(TARGET_NAME)";
				TEST_HOST = "$(BUNDLE_LOADER)";
			};
			name = Debug;
		};
		52F1A3E51952F377007340E6 /* Release */ = {
			isa = XCBuildConfiguration;
			buildSettings = {
				BUNDLE_LOADER = "$(BUILT_PRODUCTS_DIR)/家居商城.app/家居商城";
				FRAMEWORK_SEARCH_PATHS = (
					"$(SDKROOT)/Developer/Library/Frameworks",
					"$(inherited)",
				);
				INFOPLIST_FILE = "家居商城Tests/Info.plist";
				LD_RUNPATH_SEARCH_PATHS = "$(inherited) @executable_path/Frameworks @loader_path/Frameworks";
				METAL_ENABLE_DEBUG_INFO = NO;
				PRODUCT_NAME = "$(TARGET_NAME)";
				TEST_HOST = "$(BUNDLE_LOADER)";
			};
			name = Release;
		};
/* End XCBuildConfiguration section */

/* Begin XCConfigurationList section */
		52F1A3C11952F377007340E6 /* Build configuration list for PBXProject "家居商城" */ = {
			isa = XCConfigurationList;
			buildConfigurations = (
				52F1A3DE1952F377007340E6 /* Debug */,
				52F1A3DF1952F377007340E6 /* Release */,
			);
			defaultConfigurationIsVisible = 0;
			defaultConfigurationName = Release;
		};
		52F1A3E01952F377007340E6 /* Build configuration list for PBXNativeTarget "家居商城" */ = {
			isa = XCConfigurationList;
			buildConfigurations = (
				52F1A3E11952F377007340E6 /* Debug */,
				52F1A3E21952F377007340E6 /* Release */,
			);
			defaultConfigurationIsVisible = 0;
			defaultConfigurationName = Release;
		};
		52F1A3E31952F377007340E6 /* Build configuration list for PBXNativeTarget "家居商城Tests" */ = {
			isa = XCConfigurationList;
			buildConfigurations = (
				52F1A3E41952F377007340E6 /* Debug */,
				52F1A3E51952F377007340E6 /* Release */,
			);
			defaultConfigurationIsVisible = 0;
			defaultConfigurationName = Release;
		};
/* End XCConfigurationList section */
	};
	rootObject = 52F1A3BE1952F377007340E6 /* Project object */;
}
